
Microsoft Visual Studio Solution File, Format Version 12.00
# Visual Studio 15
VisualStudioVersion = 15.0.27004.2005
MinimumVisualStudioVersion = 10.0.40219.1
Project("{FAE04EC0-301F-11D3-BF4B-00C04F79EFBC}") = "pruebaApi", "pruebaApi\pruebaApi.csproj", "{2535B880-9C00-4967-A201-B2A027F215C7}"
EndProject
Global
	GlobalSection(SolutionConfigurationPlatforms) = preSolution
		Debug|Any CPU = Debug|Any CPU
		Release|Any CPU = Release|Any CPU
	EndGlobalSection
	GlobalSection(ProjectConfigurationPlatforms) = postSolution
		{2535B880-9C00-4967-A201-B2A027F215C7}.Debug|Any CPU.ActiveCfg = Debug|Any CPU
		{2535B880-9C00-4967-A201-B2A027F215C7}.Debug|Any CPU.Build.0 = Debug|Any CPU
		{2535B880-9C00-4967-A201-B2A027F215C7}.Release|Any CPU.ActiveCfg = Release|Any CPU
		{2535B880-9C00-4967-A201-B2A027F215C7}.Release|Any CPU.Build.0 = Release|Any CPU
	EndGlobalSection
	GlobalSection(SolutionProperties) = preSolution
		HideSolutionNode = FALSE
	EndGlobalSection
	GlobalSection(ExtensibilityGlobals) = postSolution
		SolutionGuid = {4F38D514-C06D-43FD-92F6-35779EEBD05F}
	EndGlobalSection
EndGlobal
